
Microsoft Visual Studio Solution File, Format Version 12.00
# Visual Studio Version 17
VisualStudioVersion = 17.3.32804.467
MinimumVisualStudioVersion = 10.0.40219.1
Project("{8BC9CEB8-8B4A-11D0-8D11-00A0C91BC942}") = "typingHelper", "typingHelper.vcxproj", "{6F439887-9FC6-48F3-B3F6-76901FAA9DDE}"
EndProject
Global
	GlobalSection(SolutionConfigurationPlatforms) = preSolution
		Debug|x64 = Debug|x64
		Debug|x86 = Debug|x86
		Release|x64 = Release|x64
		Release|x86 = Release|x86
	EndGlobalSection
	GlobalSection(ProjectConfigurationPlatforms) = postSolution
		{6F439887-9FC6-48F3-B3F6-76901FAA9DDE}.Debug|x64.ActiveCfg = Debug|x64
		{6F439887-9FC6-48F3-B3F6-76901FAA9DDE}.Debug|x64.Build.0 = Debug|x64
		{6F439887-9FC6-48F3-B3F6-76901FAA9DDE}.Debug|x86.ActiveCfg = Debug|Win32
		{6F439887-9FC6-48F3-B3F6-76901FAA9DDE}.Debug|x86.Build.0 = Debug|Win32
		{6F439887-9FC6-48F3-B3F6-76901FAA9DDE}.Release|x64.ActiveCfg = Release|x64
		{6F439887-9FC6-48F3-B3F6-76901FAA9DDE}.Release|x64.Build.0 = Release|x64
		{6F439887-9FC6-48F3-B3F6-76901FAA9DDE}.Release|x86.ActiveCfg = Release|Win32
		{6F439887-9FC6-48F3-B3F6-76901FAA9DDE}.Release|x86.Build.0 = Release|Win32
	EndGlobalSection
	GlobalSection(SolutionProperties) = preSolution
		HideSolutionNode = FALSE
	EndGlobalSection
	GlobalSection(ExtensibilityGlobals) = postSolution
		SolutionGuid = {11E42D87-439D-4420-AC38-14871650B543}
	EndGlobalSection
EndGlobal
